
Microsoft Visual Studio Solution File, Format Version 12.00
# Visual Studio Version 16
VisualStudioVersion = 16.0.31402.337
MinimumVisualStudioVersion = 10.0.40219.1
Project("{8BC9CEB8-8B4A-11D0-8D11-00A0C91BC942}") = "8_step_Factorial", "8_step_Factorial\8_step_Factorial.vcxproj", "{A17796BA-FB62-451C-8578-2C42B8D84771}"
EndProject
Global
	GlobalSection(SolutionConfigurationPlatforms) = preSolution
		Debug|x64 = Debug|x64
		Debug|x86 = Debug|x86
		Release|x64 = Release|x64
		Release|x86 = Release|x86
	EndGlobalSection
	GlobalSection(ProjectConfigurationPlatforms) = postSolution
		{A17796BA-FB62-451C-8578-2C42B8D84771}.Debug|x64.ActiveCfg = Debug|x64
		{A17796BA-FB62-451C-8578-2C42B8D84771}.Debug|x64.Build.0 = Debug|x64
		{A17796BA-FB62-451C-8578-2C42B8D84771}.Debug|x86.ActiveCfg = Debug|Win32
		{A17796BA-FB62-451C-8578-2C42B8D84771}.Debug|x86.Build.0 = Debug|Win32
		{A17796BA-FB62-451C-8578-2C42B8D84771}.Release|x64.ActiveCfg = Release|x64
		{A17796BA-FB62-451C-8578-2C42B8D84771}.Release|x64.Build.0 = Release|x64
		{A17796BA-FB62-451C-8578-2C42B8D84771}.Release|x86.ActiveCfg = Release|Win32
		{A17796BA-FB62-451C-8578-2C42B8D84771}.Release|x86.Build.0 = Release|Win32
	EndGlobalSection
	GlobalSection(SolutionProperties) = preSolution
		HideSolutionNode = FALSE
	EndGlobalSection
	GlobalSection(ExtensibilityGlobals) = postSolution
		SolutionGuid = {7E560716-862C-4441-BA30-69217A02D7A0}
	EndGlobalSection
EndGlobal
